{
  "name": "@semanticweb/faker",
  "version": "0.1.0",
  "lockfileVersion": 1,
  "requires": true,
  "dependencies": {
    "@types/node": {
      "version": "13.11.1",
      "resolved": "https://registry.npmjs.org/@types/node/-/node-13.11.1.tgz",
      "integrity": "sha512-eWQGP3qtxwL8FGneRrC5DwrJLGN4/dH1clNTuLfN81HCrxVtxRjygDTUoZJ5ASlDEeo0ppYFQjQIlXhtXpOn6g==",
      "dev": true
    },
    "@types/rdf-ext": {
      "version": "1.3.6",
      "resolved": "https://registry.npmjs.org/@types/rdf-ext/-/rdf-ext-1.3.6.tgz",
      "integrity": "sha512-vAO0OcQgk7K6PgS6b0bUbDdiSTcSqUO2mfTpM2k7hIWunRzvIUSpSb/5GurfjvTO7dngVg9ZnW4kitl1V1ix/w==",
      "dev": true,
      "requires": {
        "@types/rdf-js": "*"
      },
      "dependencies": {
        "@types/rdf-js": {
          "version": "2.0.12",
          "resolved": "https://registry.npmjs.org/@types/rdf-js/-/rdf-js-2.0.12.tgz",
          "integrity": "sha512-NBzHFHp2vHOJkPlSqzsOrkEsD9grKn+PdFjZieIw59pc0FlRG6WEQAjQZvHzFxJlYzC6ZDCFyTA1wBvUnnzUQw==",
          "dev": true,
          "requires": {
            "@types/node": "*"
          }
        }
      }
    }
  }
}
